
Microsoft Visual Studio Solution File, Format Version 12.00
# Visual Studio 14
VisualStudioVersion = 14.0.25420.1
MinimumVisualStudioVersion = 10.0.40219.1
Project("{9092AA53-FB77-4645-B42D-1CCCA6BD08BD}") = "gecko", "gecko.njsproj", "{8C9FE30F-234A-4F37-901C-AB9948B33F07}"
EndProject
Project("{E24C65DC-7377-472B-9ABA-BC803B73C61A}") = "browser", "demo\browser\", "{6351E685-D945-471E-B79A-5AB9DC05F2CF}"
	ProjectSection(WebsiteProperties) = preProject
		TargetFrameworkMoniker = ".NETFramework,Version%3Dv4.6"
		Debug.AspNetCompiler.VirtualPath = "/localhost_6977"
		Debug.AspNetCompiler.PhysicalPath = "demo\browser\"
		Debug.AspNetCompiler.TargetPath = "PrecompiledWeb\localhost_6977\"
		Debug.AspNetCompiler.Updateable = "true"
		Debug.AspNetCompiler.ForceOverwrite = "true"
		Debug.AspNetCompiler.FixedNames = "false"
		Debug.AspNetCompiler.Debug = "True"
		Release.AspNetCompiler.VirtualPath = "/localhost_6977"
		Release.AspNetCompiler.PhysicalPath = "demo\browser\"
		Release.AspNetCompiler.TargetPath = "PrecompiledWeb\localhost_6977\"
		Release.AspNetCompiler.Updateable = "true"
		Release.AspNetCompiler.ForceOverwrite = "true"
		Release.AspNetCompiler.FixedNames = "false"
		Release.AspNetCompiler.Debug = "False"
		VWDPort = "6977"
		SlnRelativePath = "demo\browser\"
		DefaultWebSiteLanguage = "Visual C#"
	EndProjectSection
EndProject
Global
	GlobalSection(SolutionConfigurationPlatforms) = preSolution
		Debug|Any CPU = Debug|Any CPU
		Debug|ARM = Debug|ARM
		Debug|x64 = Debug|x64
		Debug|x86 = Debug|x86
		Release|Any CPU = Release|Any CPU
		Release|ARM = Release|ARM
		Release|x64 = Release|x64
		Release|x86 = Release|x86
	EndGlobalSection
	GlobalSection(ProjectConfigurationPlatforms) = postSolution
		{8C9FE30F-234A-4F37-901C-AB9948B33F07}.Debug|Any CPU.ActiveCfg = Debug|x86
		{8C9FE30F-234A-4F37-901C-AB9948B33F07}.Debug|ARM.ActiveCfg = Debug|ARM
		{8C9FE30F-234A-4F37-901C-AB9948B33F07}.Debug|ARM.Build.0 = Debug|ARM
		{8C9FE30F-234A-4F37-901C-AB9948B33F07}.Debug|ARM.Deploy.0 = Debug|ARM
		{8C9FE30F-234A-4F37-901C-AB9948B33F07}.Debug|x64.ActiveCfg = Debug|x64
		{8C9FE30F-234A-4F37-901C-AB9948B33F07}.Debug|x64.Build.0 = Debug|x64
		{8C9FE30F-234A-4F37-901C-AB9948B33F07}.Debug|x64.Deploy.0 = Debug|x64
		{8C9FE30F-234A-4F37-901C-AB9948B33F07}.Debug|x86.ActiveCfg = Debug|x86
		{8C9FE30F-234A-4F37-901C-AB9948B33F07}.Debug|x86.Build.0 = Debug|x86
		{8C9FE30F-234A-4F37-901C-AB9948B33F07}.Debug|x86.Deploy.0 = Debug|x86
		{8C9FE30F-234A-4F37-901C-AB9948B33F07}.Release|Any CPU.ActiveCfg = Release|x86
		{8C9FE30F-234A-4F37-901C-AB9948B33F07}.Release|ARM.ActiveCfg = Release|ARM
		{8C9FE30F-234A-4F37-901C-AB9948B33F07}.Release|ARM.Build.0 = Release|ARM
		{8C9FE30F-234A-4F37-901C-AB9948B33F07}.Release|ARM.Deploy.0 = Release|ARM
		{8C9FE30F-234A-4F37-901C-AB9948B33F07}.Release|x64.ActiveCfg = Release|x64
		{8C9FE30F-234A-4F37-901C-AB9948B33F07}.Release|x64.Build.0 = Release|x64
		{8C9FE30F-234A-4F37-901C-AB9948B33F07}.Release|x64.Deploy.0 = Release|x64
		{8C9FE30F-234A-4F37-901C-AB9948B33F07}.Release|x86.ActiveCfg = Release|x86
		{8C9FE30F-234A-4F37-901C-AB9948B33F07}.Release|x86.Build.0 = Release|x86
		{8C9FE30F-234A-4F37-901C-AB9948B33F07}.Release|x86.Deploy.0 = Release|x86
		{6351E685-D945-471E-B79A-5AB9DC05F2CF}.Debug|Any CPU.ActiveCfg = Debug|Any CPU
		{6351E685-D945-471E-B79A-5AB9DC05F2CF}.Debug|Any CPU.Build.0 = Debug|Any CPU
		{6351E685-D945-471E-B79A-5AB9DC05F2CF}.Debug|ARM.ActiveCfg = Debug|Any CPU
		{6351E685-D945-471E-B79A-5AB9DC05F2CF}.Debug|ARM.Build.0 = Debug|Any CPU
		{6351E685-D945-471E-B79A-5AB9DC05F2CF}.Debug|x64.ActiveCfg = Debug|Any CPU
		{6351E685-D945-471E-B79A-5AB9DC05F2CF}.Debug|x64.Build.0 = Debug|Any CPU
		{6351E685-D945-471E-B79A-5AB9DC05F2CF}.Debug|x86.ActiveCfg = Debug|Any CPU
		{6351E685-D945-471E-B79A-5AB9DC05F2CF}.Debug|x86.Build.0 = Debug|Any CPU
		{6351E685-D945-471E-B79A-5AB9DC05F2CF}.Release|Any CPU.ActiveCfg = Debug|Any CPU
		{6351E685-D945-471E-B79A-5AB9DC05F2CF}.Release|Any CPU.Build.0 = Debug|Any CPU
		{6351E685-D945-471E-B79A-5AB9DC05F2CF}.Release|ARM.ActiveCfg = Debug|Any CPU
		{6351E685-D945-471E-B79A-5AB9DC05F2CF}.Release|ARM.Build.0 = Debug|Any CPU
		{6351E685-D945-471E-B79A-5AB9DC05F2CF}.Release|x64.ActiveCfg = Debug|Any CPU
		{6351E685-D945-471E-B79A-5AB9DC05F2CF}.Release|x64.Build.0 = Debug|Any CPU
		{6351E685-D945-471E-B79A-5AB9DC05F2CF}.Release|x86.ActiveCfg = Debug|Any CPU
		{6351E685-D945-471E-B79A-5AB9DC05F2CF}.Release|x86.Build.0 = Debug|Any CPU
	EndGlobalSection
	GlobalSection(SolutionProperties) = preSolution
		HideSolutionNode = FALSE
	EndGlobalSection
EndGlobal
